
Microsoft Visual Studio Solution File, Format Version 12.00
# Visual Studio Version 17
VisualStudioVersion = 17.4.33213.308
MinimumVisualStudioVersion = 10.0.40219.1
Project("{FAE04EC0-301F-11D3-BF4B-00C04F79EFBC}") = "Krestiki_and_Noliki", "Krestiki_and_Noliki\Krestiki_and_Noliki.csproj", "{EE987AD2-BAE0-4D56-B8C0-1CE4A4483E75}"
EndProject
Global
	GlobalSection(SolutionConfigurationPlatforms) = preSolution
		Debug|Any CPU = Debug|Any CPU
		Release|Any CPU = Release|Any CPU
	EndGlobalSection
	GlobalSection(ProjectConfigurationPlatforms) = postSolution
		{EE987AD2-BAE0-4D56-B8C0-1CE4A4483E75}.Debug|Any CPU.ActiveCfg = Debug|Any CPU
		{EE987AD2-BAE0-4D56-B8C0-1CE4A4483E75}.Debug|Any CPU.Build.0 = Debug|Any CPU
		{EE987AD2-BAE0-4D56-B8C0-1CE4A4483E75}.Release|Any CPU.ActiveCfg = Release|Any CPU
		{EE987AD2-BAE0-4D56-B8C0-1CE4A4483E75}.Release|Any CPU.Build.0 = Release|Any CPU
	EndGlobalSection
	GlobalSection(SolutionProperties) = preSolution
		HideSolutionNode = FALSE
	EndGlobalSection
	GlobalSection(ExtensibilityGlobals) = postSolution
		SolutionGuid = {BE9A543C-2FE5-4726-AEB0-15B7EAEDF088}
	EndGlobalSection
EndGlobal
